{
  "name": "angular-quickstart",
  "version": "1.0.0",
  "lockfileVersion": 1,
  "requires": true,
  "dependencies": {
    "@angular/common": {
      "version": "4.0.3",
      "resolved": "https://registry.npmjs.org/@angular/common/-/common-4.0.3.tgz",
      "integrity": "sha1-F0coletCXygSs6eRYrW0lNJQals="
    },
    "@angular/compiler": {
      "version": "4.0.3",
      "resolved": "https://registry.npmjs.org/@angular/compiler/-/compiler-4.0.3.tgz",
      "integrity": "sha1-izytM4rFOTKOEKakv6oFcJT3vIk="
    },
    "@angular/core": {
      "version": "4.0.3",
      "resolved": "https://registry.npmjs.org/@angular/core/-/core-4.0.3.tgz",
      "integrity": "sha1-Yb4h22qld44zFZ/9OMu+uvFhINk="
    },
    "@angular/forms": {
      "version": "4.0.3",
      "resolved": "https://registry.npmjs.org/@angular/forms/-/forms-4.0.3.tgz",
      "integrity": "sha1-+45uCu3ngr9Ycwox0RebMjJxgW4="
    },
    "@angular/http": {
      "version": "4.0.3",
      "resolved": "https://registry.npmjs.org/@angular/http/-/http-4.0.3.tgz",
      "integrity": "sha1-77twGiFex3BMAhZ2SEuF7Uc5L0s="
    },
    "@angular/platform-browser": {
      "version": "4.0.3",
      "resolved": "https://registry.npmjs.org/@angular/platform-browser/-/platform-browser-4.0.3.tgz",
      "integrity": "sha1-FwsY1a9O4Cskiqah8eBYSshBaB4="
    },
    "@angular/platform-browser-dynamic": {
      "version": "4.0.3",
      "resolved": "https://registry.npmjs.org/@angular/platform-browser-dynamic/-/platform-browser-dynamic-4.0.3.tgz",
      "integrity": "sha1-X6O5j3JZmbYx19cXTm5D3L9qqaw="
    },
    "@angular/router": {
      "version": "4.0.3",
      "resolved": "https://registry.npmjs.org/@angular/router/-/router-4.0.3.tgz",
      "integrity": "sha1-JBhOmxJmxK0BeyvoFXNGSx5MXfo="
    },
    "@types/node": {
      "version": "6.0.85",
      "resolved": "https://registry.npmjs.org/@types/node/-/node-6.0.85.tgz",
      "integrity": "sha512-6qLZpfQFO/g5Ns2e7RsW6brk0Q6Xzwiw7kVVU/XiQNOiJXSojhX76GP457PBYIsNMH2WfcGgcnZB4awFDHrwpA==",
      "dev": true
    },
    "angular-in-memory-web-api": {
      "version": "0.3.2",
      "resolved": "https://registry.npmjs.org/angular-in-memory-web-api/-/angular-in-memory-web-api-0.3.2.tgz",
      "integrity": "sha1-iDbZ4lNNN7co88taHK9v4ef7vs0="
    },
    "array-union": {
      "version": "1.0.2",
      "resolved": "https://registry.npmjs.org/array-union/-/array-union-1.0.2.tgz",
      "integrity": "sha1-mjRBDk9OPaI96jdb5b5w8kd47Dk=",
      "dev": true,
      "requires": {
        "array-uniq": "1.0.3"
      }
    },
    "array-uniq": {
      "version": "1.0.3",
      "resolved": "https://registry.npmjs.org/array-uniq/-/array-uniq-1.0.3.tgz",
      "integrity": "sha1-r2rId6Jcx/dOBYiUdThY39sk/bY=",
      "dev": true
    },
    "arrify": {
      "version": "1.0.1",
      "resolved": "https://registry.npmjs.org/arrify/-/arrify-1.0.1.tgz",
      "integrity": "sha1-iYUI2iIm84DfkEcoRWhJwVAaSw0=",
      "dev": true
    },
    "balanced-match": {
      "version": "1.0.0",
      "resolved": "https://registry.npmjs.org/balanced-match/-/balanced-match-1.0.0.tgz",
      "integrity": "sha1-ibTRmasr7kneFk6gK4nORi1xt2c=",
      "dev": true
    },
    "big.js": {
      "version": "3.1.3",
      "resolved": "https://registry.npmjs.org/big.js/-/big.js-3.1.3.tgz",
      "integrity": "sha1-TK2iGTZS6zyp7I5VyQFWacmAaXg=",
      "dev": true
    },
    "bluebird": {
      "version": "2.11.0",
      "resolved": "https://registry.npmjs.org/bluebird/-/bluebird-2.11.0.tgz",
      "integrity": "sha1-U0uQM8AiyVecVro7Plpcqvu2UOE=",
      "dev": true
    },
    "brace-expansion": {
      "version": "1.1.8",
      "resolved": "https://registry.npmjs.org/brace-expansion/-/brace-expansion-1.1.8.tgz",
      "integrity": "sha1-wHshHHyVLsH479Uad+8NHTmQopI=",
      "dev": true,
      "requires": {
        "balanced-match": "1.0.0",
        "concat-map": "0.0.1"
      }
    },
    "concat-map": {
      "version": "0.0.1",
      "resolved": "https://registry.npmjs.org/concat-map/-/concat-map-0.0.1.tgz",
      "integrity": "sha1-2Klr13/Wjfd5OnMDajug1UBdR3s=",
      "dev": true
    },
    "copy-webpack-plugin": {
      "version": "4.0.1",
      "resolved": "https://registry.npmjs.org/copy-webpack-plugin/-/copy-webpack-plugin-4.0.1.tgz",
      "integrity": "sha1-lyjjg7lDFgUNDHRjlY8rhcCqggA=",
      "dev": true,
      "requires": {
        "bluebird": "2.11.0",
        "fs-extra": "0.26.7",
        "glob": "6.0.4",
        "is-glob": "3.1.0",
        "loader-utils": "0.2.17",
        "lodash": "4.17.4",
        "minimatch": "3.0.4",
        "node-dir": "0.1.17"
      },
      "dependencies": {
        "glob": {
          "version": "6.0.4",
          "resolved": "https://registry.npmjs.org/glob/-/glob-6.0.4.tgz",
          "integrity": "sha1-DwiGD2oVUSey+t1PnOJLGqtuTSI=",
          "dev": true,
          "requires": {
            "inflight": "1.0.6",
            "inherits": "2.0.3",
            "minimatch": "3.0.4",
            "once": "1.4.0",
            "path-is-absolute": "1.0.1"
          }
        }
      }
    },
    "core-js": {
      "version": "2.5.0",
      "resolved": "https://registry.npmjs.org/core-js/-/core-js-2.5.0.tgz",
      "integrity": "sha1-VpwFCRi+ZIazg3VSAorgRmtxcIY="
    },
    "del": {
      "version": "2.2.2",
      "resolved": "https://registry.npmjs.org/del/-/del-2.2.2.tgz",
      "integrity": "sha1-wSyYHQZ4RshLyvhiz/kw2Qf/0ag=",
      "dev": true,
      "requires": {
        "globby": "5.0.0",
        "is-path-cwd": "1.0.0",
        "is-path-in-cwd": "1.0.0",
        "object-assign": "4.1.0",
        "pify": "2.3.0",
        "pinkie-promise": "2.0.1",
        "rimraf": "2.6.1"
      }
    },
    "emojis-list": {
      "version": "2.1.0",
      "resolved": "https://registry.npmjs.org/emojis-list/-/emojis-list-2.1.0.tgz",
      "integrity": "sha1-TapNnbAPmBmIDHn6RXrlsJof04k=",
      "dev": true
    },
    "es6-shim": {
      "version": "0.35.3",
      "resolved": "https://registry.npmjs.org/es6-shim/-/es6-shim-0.35.3.tgz",
      "integrity": "sha1-m/tzY/7//4emzbbNk+QF7DxLbyY="
    },
    "fs-extra": {
      "version": "0.26.7",
      "resolved": "https://registry.npmjs.org/fs-extra/-/fs-extra-0.26.7.tgz",
      "integrity": "sha1-muH92UiXeY7at20JGM9C0MMYT6k=",
      "dev": true,
      "requires": {
        "graceful-fs": "4.1.11",
        "jsonfile": "2.4.0",
        "klaw": "1.3.1",
        "path-is-absolute": "1.0.1",
        "rimraf": "2.6.1"
      }
    },
    "fs.realpath": {
      "version": "1.0.0",
      "resolved": "https://registry.npmjs.org/fs.realpath/-/fs.realpath-1.0.0.tgz",
      "integrity": "sha1-FQStJSMVjKpA20onh8sBQRmU6k8=",
      "dev": true
    },
    "glob": {
      "version": "7.1.2",
      "resolved": "https://registry.npmjs.org/glob/-/glob-7.1.2.tgz",
      "integrity": "sha512-MJTUg1kjuLeQCJ+ccE4Vpa6kKVXkPYJ2mOCQyUuKLcLQsdrMCpBPUi8qVE6+YuaJkozeA9NusTAw3hLr8Xe5EQ==",
      "dev": true,
      "requires": {
        "fs.realpath": "1.0.0",
        "inflight": "1.0.6",
        "inherits": "2.0.3",
        "minimatch": "3.0.4",
        "once": "1.4.0",
        "path-is-absolute": "1.0.1"
      }
    },
    "globby": {
      "version": "5.0.0",
      "resolved": "https://registry.npmjs.org/globby/-/globby-5.0.0.tgz",
      "integrity": "sha1-69hGZ8oNuzMLmbz8aOrCvFQ3Dg0=",
      "dev": true,
      "requires": {
        "array-union": "1.0.2",
        "arrify": "1.0.1",
        "glob": "7.1.2",
        "object-assign": "4.1.0",
        "pify": "2.3.0",
        "pinkie-promise": "2.0.1"
      }
    },
    "graceful-fs": {
      "version": "4.1.11",
      "resolved": "https://registry.npmjs.org/graceful-fs/-/graceful-fs-4.1.11.tgz",
      "integrity": "sha1-Dovf5NHduIVNZOBOp8AOKgJuVlg=",
      "dev": true
    },
    "inflight": {
      "version": "1.0.6",
      "resolved": "https://registry.npmjs.org/inflight/-/inflight-1.0.6.tgz",
      "integrity": "sha1-Sb1jMdfQLQwJvJEKEHW6gWW1bfk=",
      "dev": true,
      "requires": {
        "once": "1.4.0",
        "wrappy": "1.0.2"
      }
    },
    "inherits": {
      "version": "2.0.3",
      "resolved": "https://registry.npmjs.org/inherits/-/inherits-2.0.3.tgz",
      "integrity": "sha1-Yzwsg+PaQqUC9SRmAiSA9CCCYd4=",
      "dev": true
    },
    "is-extglob": {
      "version": "2.1.1",
      "resolved": "https://registry.npmjs.org/is-extglob/-/is-extglob-2.1.1.tgz",
      "integrity": "sha1-qIwCU1eR8C7TfHahueqXc8gz+MI=",
      "dev": true
    },
    "is-glob": {
      "version": "3.1.0",
      "resolved": "https://registry.npmjs.org/is-glob/-/is-glob-3.1.0.tgz",
      "integrity": "sha1-e6WuJCF4BKxwcHuWkiVnSGzD6Eo=",
      "dev": true,
      "requires": {
        "is-extglob": "2.1.1"
      }
    },
    "is-path-cwd": {
      "version": "1.0.0",
      "resolved": "https://registry.npmjs.org/is-path-cwd/-/is-path-cwd-1.0.0.tgz",
      "integrity": "sha1-0iXsIxMuie3Tj9p2dHLmLmXxEG0=",
      "dev": true
    },
    "is-path-in-cwd": {
      "version": "1.0.0",
      "resolved": "https://registry.npmjs.org/is-path-in-cwd/-/is-path-in-cwd-1.0.0.tgz",
      "integrity": "sha1-ZHdYK4IU1gI0YJRWcAO+ip6sBNw=",
      "dev": true,
      "requires": {
        "is-path-inside": "1.0.0"
      }
    },
    "is-path-inside": {
      "version": "1.0.0",
      "resolved": "https://registry.npmjs.org/is-path-inside/-/is-path-inside-1.0.0.tgz",
      "integrity": "sha1-/AbloWg/vaE95mev9xe7wQpI838=",
      "dev": true,
      "requires": {
        "path-is-inside": "1.0.2"
      }
    },
    "json5": {
      "version": "0.5.1",
      "resolved": "https://registry.npmjs.org/json5/-/json5-0.5.1.tgz",
      "integrity": "sha1-Hq3nrMASA0rYTiOWdn6tn6VJWCE=",
      "dev": true
    },
    "jsonfile": {
      "version": "2.4.0",
      "resolved": "https://registry.npmjs.org/jsonfile/-/jsonfile-2.4.0.tgz",
      "integrity": "sha1-NzaitCi4e72gzIO1P6PWM6NcKug=",
      "dev": true,
      "requires": {
        "graceful-fs": "4.1.11"
      }
    },
    "klaw": {
      "version": "1.3.1",
      "resolved": "https://registry.npmjs.org/klaw/-/klaw-1.3.1.tgz",
      "integrity": "sha1-QIhDO0azsbolnXh4XY6W9zugJDk=",
      "dev": true,
      "requires": {
        "graceful-fs": "4.1.11"
      }
    },
    "loader-utils": {
      "version": "0.2.17",
      "resolved": "https://registry.npmjs.org/loader-utils/-/loader-utils-0.2.17.tgz",
      "integrity": "sha1-+G5jdNQyBabmxg6RlvF8Apm/s0g=",
      "dev": true,
      "requires": {
        "big.js": "3.1.3",
        "emojis-list": "2.1.0",
        "json5": "0.5.1",
        "object-assign": "4.1.0"
      }
    },
    "lodash": {
      "version": "4.17.4",
      "resolved": "https://registry.npmjs.org/lodash/-/lodash-4.17.4.tgz",
      "integrity": "sha1-eCA6TRwyiuHYbcpkYONptX9AVa4=",
      "dev": true
    },
    "minimatch": {
      "version": "3.0.4",
      "resolved": "https://registry.npmjs.org/minimatch/-/minimatch-3.0.4.tgz",
      "integrity": "sha512-yJHVQEhyqPLUTgt9B83PXu6W3rx4MvvHvSUvToogpwoGDOUQ+yDrR0HRot+yOCdCO7u4hX3pWft6kWBBcqh0UA==",
      "dev": true,
      "requires": {
        "brace-expansion": "1.1.8"
      }
    },
    "node-dir": {
      "version": "0.1.17",
      "resolved": "https://registry.npmjs.org/node-dir/-/node-dir-0.1.17.tgz",
      "integrity": "sha1-X1Zl2TNRM1yqvvjxxVRRbPXx5OU=",
      "dev": true,
      "requires": {
        "minimatch": "3.0.4"
      }
    },
    "object-assign": {
      "version": "4.1.0",
      "resolved": "https://registry.npmjs.org/object-assign/-/object-assign-4.1.0.tgz",
      "integrity": "sha1-ejs9DpgGPUP0wD8uiubNUahog6A=",
      "dev": true
    },
    "once": {
      "version": "1.4.0",
      "resolved": "https://registry.npmjs.org/once/-/once-1.4.0.tgz",
      "integrity": "sha1-WDsap3WWHUsROsF9nFC6753Xa9E=",
      "dev": true,
      "requires": {
        "wrappy": "1.0.2"
      }
    },
    "path-is-absolute": {
      "version": "1.0.1",
      "resolved": "https://registry.npmjs.org/path-is-absolute/-/path-is-absolute-1.0.1.tgz",
      "integrity": "sha1-F0uSaHNVNP+8es5r9TpanhtcX18=",
      "dev": true
    },
    "path-is-inside": {
      "version": "1.0.2",
      "resolved": "https://registry.npmjs.org/path-is-inside/-/path-is-inside-1.0.2.tgz",
      "integrity": "sha1-NlQX3t5EQw0cEa9hAn+s8HS9/FM=",
      "dev": true
    },
    "pify": {
      "version": "2.3.0",
      "resolved": "https://registry.npmjs.org/pify/-/pify-2.3.0.tgz",
      "integrity": "sha1-7RQaasBDqEnqWISY59yosVMw6Qw=",
      "dev": true
    },
    "pinkie": {
      "version": "2.0.4",
      "resolved": "https://registry.npmjs.org/pinkie/-/pinkie-2.0.4.tgz",
      "integrity": "sha1-clVrgM+g1IqXToDnckjoDtT3+HA=",
      "dev": true
    },
    "pinkie-promise": {
      "version": "2.0.1",
      "resolved": "https://registry.npmjs.org/pinkie-promise/-/pinkie-promise-2.0.1.tgz",
      "integrity": "sha1-ITXW36ejWMBprJsXh3YogihFD/o=",
      "dev": true,
      "requires": {
        "pinkie": "2.0.4"
      }
    },
    "primeng": {
      "version": "4.1.2",
      "resolved": "https://registry.npmjs.org/primeng/-/primeng-4.1.2.tgz",
      "integrity": "sha1-00/BaO46mZ0ocguXwBo4XADeWcc="
    },
    "rimraf": {
      "version": "2.6.1",
      "resolved": "https://registry.npmjs.org/rimraf/-/rimraf-2.6.1.tgz",
      "integrity": "sha1-wjOOxkPfeht/5cVPqG9XQopV8z0=",
      "dev": true,
      "requires": {
        "glob": "7.1.2"
      }
    },
    "rxjs": {
      "version": "5.0.1",
      "resolved": "https://registry.npmjs.org/rxjs/-/rxjs-5.0.1.tgz",
      "integrity": "sha1-Omm9+fDKCphjAzcNRwj3K9+sg1Y=",
      "requires": {
        "symbol-observable": "1.0.4"
      }
    },
    "symbol-observable": {
      "version": "1.0.4",
      "resolved": "https://registry.npmjs.org/symbol-observable/-/symbol-observable-1.0.4.tgz",
      "integrity": "sha1-Kb9hXUqnEhvdiYsi1LP5vE4qoD0="
    },
    "systemjs": {
      "version": "0.19.40",
      "resolved": "https://registry.npmjs.org/systemjs/-/systemjs-0.19.40.tgz",
      "integrity": "sha1-FY9kqfTvVBp/2mtA5SfuRrbFTNA=",
      "requires": {
        "when": "3.7.8"
      }
    },
    "when": {
      "version": "3.7.8",
      "resolved": "https://registry.npmjs.org/when/-/when-3.7.8.tgz",
      "integrity": "sha1-xxMLan6gRpPoQs3J56Hyqjmjn4I="
    },
    "wrappy": {
      "version": "1.0.2",
      "resolved": "https://registry.npmjs.org/wrappy/-/wrappy-1.0.2.tgz",
      "integrity": "sha1-tSQ9jz7BqjXxNkYFvA0QNuMKtp8=",
      "dev": true
    },
    "zone.js": {
      "version": "0.8.16",
      "resolved": "https://registry.npmjs.org/zone.js/-/zone.js-0.8.16.tgz",
      "integrity": "sha1-rDG2xBj4jA+Ritas2KQCrKkxOrs="
    }
  }
}
